// !$*UTF8*$!
{
	archiveVersion = 1;
	classes = {
	};
	objectVersion = 56;
	objects = {

/* Begin PBXBuildFile section */
		028FDB322B78BE090026EB34 /* learningiOSApp.swift in Sources */ = {isa = PBXBuildFile; fileRef = 028FDB312B78BE090026EB34 /* learningiOSApp.swift */; };
		028FDB342B78BE090026EB34 /* ContentView.swift in Sources */ = {isa = PBXBuildFile; fileRef = 028FDB332B78BE090026EB34 /* ContentView.swift */; };
		028FDB362B78BE0B0026EB34 /* Assets.xcassets in Resources */ = {isa = PBXBuildFile; fileRef = 028FDB352B78BE0B0026EB34 /* Assets.xcassets */; };
		028FDB392B78BE0B0026EB34 /* Preview Assets.xcassets in Resources */ = {isa = PBXBuildFile; fileRef = 028FDB382B78BE0B0026EB34 /* Preview Assets.xcassets */; };
		028FDB452B78CB670026EB34 /* Theory.swift in Sources */ = {isa = PBXBuildFile; fileRef = 028FDB442B78CB670026EB34 /* Theory.swift */; };
		028FDB472B78CD560026EB34 /* UOHomeView.swift in Sources */ = {isa = PBXBuildFile; fileRef = 028FDB462B78CD560026EB34 /* UOHomeView.swift */; };
		028FDB4A2B7905D40026EB34 /* PAHomeView.swift in Sources */ = {isa = PBXBuildFile; fileRef = 028FDB492B7905D40026EB34 /* PAHomeView.swift */; };
/* End PBXBuildFile section */

/* Begin PBXFileReference section */
		028FDB2E2B78BE090026EB34 /* learningiOS.app */ = {isa = PBXFileReference; explicitFileType = wrapper.application; includeInIndex = 0; path = learningiOS.app; sourceTree = BUILT_PRODUCTS_DIR; };
		028FDB312B78BE090026EB34 /* learningiOSApp.swift */ = {isa = PBXFileReference; lastKnownFileType = sourcecode.swift; path = learningiOSApp.swift; sourceTree = "<group>"; };
		028FDB332B78BE090026EB34 /* ContentView.swift */ = {isa = PBXFileReference; lastKnownFileType = sourcecode.swift; path = ContentView.swift; sourceTree = "<group>"; };
		028FDB352B78BE0B0026EB34 /* Assets.xcassets */ = {isa = PBXFileReference; lastKnownFileType = folder.assetcatalog; path = Assets.xcassets; sourceTree = "<group>"; };
		028FDB382B78BE0B0026EB34 /* Preview Assets.xcassets */ = {isa = PBXFileReference; lastKnownFileType = folder.assetcatalog; path = "Preview Assets.xcassets"; sourceTree = "<group>"; };
		028FDB442B78CB670026EB34 /* Theory.swift */ = {isa = PBXFileReference; lastKnownFileType = sourcecode.swift; path = Theory.swift; sourceTree = "<group>"; };
		028FDB462B78CD560026EB34 /* UOHomeView.swift */ = {isa = PBXFileReference; lastKnownFileType = sourcecode.swift; path = UOHomeView.swift; sourceTree = "<group>"; };
		028FDB492B7905D40026EB34 /* PAHomeView.swift */ = {isa = PBXFileReference; lastKnownFileType = sourcecode.swift; path = PAHomeView.swift; sourceTree = "<group>"; };
/* End PBXFileReference section */

/* Begin PBXFrameworksBuildPhase section */
		028FDB2B2B78BE090026EB34 /* Frameworks */ = {
			isa = PBXFrameworksBuildPhase;
			buildActionMask = 2147483647;
			files = (
			);
			runOnlyForDeploymentPostprocessing = 0;
		};
/* End PBXFrameworksBuildPhase section */

/* Begin PBXGroup section */
		028FDB252B78BE090026EB34 = {
			isa = PBXGroup;
			children = (
				028FDB302B78BE090026EB34 /* learningiOS */,
				028FDB2F2B78BE090026EB34 /* Products */,
			);
			sourceTree = "<group>";
		};
		028FDB2F2B78BE090026EB34 /* Products */ = {
			isa = PBXGroup;
			children = (
				028FDB2E2B78BE090026EB34 /* learningiOS.app */,
			);
			name = Products;
			sourceTree = "<group>";
		};
		028FDB302B78BE090026EB34 /* learningiOS */ = {
			isa = PBXGroup;
			children = (
				028FDB3F2B78BE340026EB34 /* Modules */,
				028FDB312B78BE090026EB34 /* learningiOSApp.swift */,
				028FDB332B78BE090026EB34 /* ContentView.swift */,
				028FDB352B78BE0B0026EB34 /* Assets.xcassets */,
				028FDB372B78BE0B0026EB34 /* Preview Content */,
			);
			path = learningiOS;
			sourceTree = "<group>";
		};
		028FDB372B78BE0B0026EB34 /* Preview Content */ = {
			isa = PBXGroup;
			children = (
				028FDB382B78BE0B0026EB34 /* Preview Assets.xcassets */,
			);
			path = "Preview Content";
			sourceTree = "<group>";
		};
		028FDB3F2B78BE340026EB34 /* Modules */ = {
			isa = PBXGroup;
			children = (
				028FDB482B79037D0026EB34 /* PhaseAnimation */,
				028FDB432B78CA150026EB34 /* UrlOpening */,
			);
			path = Modules;
			sourceTree = "<group>";
		};
		028FDB432B78CA150026EB34 /* UrlOpening */ = {
			isa = PBXGroup;
			children = (
				028FDB442B78CB670026EB34 /* Theory.swift */,
				028FDB462B78CD560026EB34 /* UOHomeView.swift */,
			);
			path = UrlOpening;
			sourceTree = "<group>";
		};
		028FDB482B79037D0026EB34 /* PhaseAnimation */ = {
			isa = PBXGroup;
			children = (
				028FDB492B7905D40026EB34 /* PAHomeView.swift */,
			);
			path = PhaseAnimation;
			sourceTree = "<group>";
		};
/* End PBXGroup section */

/* Begin PBXNativeTarget section */
		028FDB2D2B78BE090026EB34 /* learningiOS */ = {
			isa = PBXNativeTarget;
			buildConfigurationList = 028FDB3C2B78BE0B0026EB34 /* Build configuration list for PBXNativeTarget "learningiOS" */;
			buildPhases = (
				028FDB2A2B78BE090026EB34 /* Sources */,
				028FDB2B2B78BE090026EB34 /* Frameworks */,
				028FDB2C2B78BE090026EB34 /* Resources */,
			);
			buildRules = (
			);
			dependencies = (
			);
			name = learningiOS;
			productName = learningiOS;
			productReference = 028FDB2E2B78BE090026EB34 /* learningiOS.app */;
			productType = "com.apple.product-type.application";
		};
/* End PBXNativeTarget section */

/* Begin PBXProject section */
		028FDB262B78BE090026EB34 /* Project object */ = {
			isa = PBXProject;
			attributes = {
				BuildIndependentTargetsInParallel = 1;
				LastSwiftUpdateCheck = 1520;
				LastUpgradeCheck = 1520;
				TargetAttributes = {
					028FDB2D2B78BE090026EB34 = {
						CreatedOnToolsVersion = 15.2;
					};
				};
			};
			buildConfigurationList = 028FDB292B78BE090026EB34 /* Build configuration list for PBXProject "learningiOS" */;
			compatibilityVersion = "Xcode 14.0";
			developmentRegion = en;
			hasScannedForEncodings = 0;
			knownRegions = (
				en,
				Base,
			);
			mainGroup = 028FDB252B78BE090026EB34;
			productRefGroup = 028FDB2F2B78BE090026EB34 /* Products */;
			projectDirPath = "";
			projectRoot = "";
			targets = (
				028FDB2D2B78BE090026EB34 /* learningiOS */,
			);
		};
/* End PBXProject section */

/* Begin PBXResourcesBuildPhase section */
		028FDB2C2B78BE090026EB34 /* Resources */ = {
			isa = PBXResourcesBuildPhase;
			buildActionMask = 2147483647;
			files = (
				028FDB392B78BE0B0026EB34 /* Preview Assets.xcassets in Resources */,
				028FDB362B78BE0B0026EB34 /* Assets.xcassets in Resources */,
			);
			runOnlyForDeploymentPostprocessing = 0;
		};
/* End PBXResourcesBuildPhase section */

/* Begin PBXSourcesBuildPhase section */
		028FDB2A2B78BE090026EB34 /* Sources */ = {
			isa = PBXSourcesBuildPhase;
			buildActionMask = 2147483647;
			files = (
				028FDB342B78BE090026EB34 /* ContentView.swift in Sources */,
				028FDB322B78BE090026EB34 /* learningiOSApp.swift in Sources */,
				028FDB4A2B7905D40026EB34 /* PAHomeView.swift in Sources */,
				028FDB452B78CB670026EB34 /* Theory.swift in Sources */,
				028FDB472B78CD560026EB34 /* UOHomeView.swift in Sources */,
			);
			runOnlyForDeploymentPostprocessing = 0;
		};
/* End PBXSourcesBuildPhase section */

/* Begin XCBuildConfiguration section */
		028FDB3A2B78BE0B0026EB34 /* Debug */ = {
			isa = XCBuildConfiguration;
			buildSettings = {
				ALWAYS_SEARCH_USER_PATHS = NO;
				ASSETCATALOG_COMPILER_GENERATE_SWIFT_ASSET_SYMBOL_EXTENSIONS = YES;
				CLANG_ANALYZER_NONNULL = YES;
				CLANG_ANALYZER_NUMBER_OBJECT_CONVERSION = YES_AGGRESSIVE;
				CLANG_CXX_LANGUAGE_STANDARD = "gnu++20";
				CLANG_ENABLE_MODULES = YES;
				CLANG_ENABLE_OBJC_ARC = YES;
				CLANG_ENABLE_OBJC_WEAK = YES;
				CLANG_WARN_BLOCK_CAPTURE_AUTORELEASING = YES;
				CLANG_WARN_BOOL_CONVERSION = YES;
				CLANG_WARN_COMMA = YES;
				CLANG_WARN_CONSTANT_CONVERSION = YES;
				CLANG_WARN_DEPRECATED_OBJC_IMPLEMENTATIONS = YES;
				CLANG_WARN_DIRECT_OBJC_ISA_USAGE = YES_ERROR;
				CLANG_WARN_DOCUMENTATION_COMMENTS = YES;
				CLANG_WARN_EMPTY_BODY = YES;
				CLANG_WARN_ENUM_CONVERSION = YES;
				CLANG_WARN_INFINITE_RECURSION = YES;
				CLANG_WARN_INT_CONVERSION = YES;
				CLANG_WARN_NON_LITERAL_NULL_CONVERSION = YES;
				CLANG_WARN_OBJC_IMPLICIT_RETAIN_SELF = YES;
				CLANG_WARN_OBJC_LITERAL_CONVERSION = YES;
				CLANG_WARN_OBJC_ROOT_CLASS = YES_ERROR;
				CLANG_WARN_QUOTED_INCLUDE_IN_FRAMEWORK_HEADER = YES;
				CLANG_WARN_RANGE_LOOP_ANALYSIS = YES;
				CLANG_WARN_STRICT_PROTOTYPES = YES;
				CLANG_WARN_SUSPICIOUS_MOVE = YES;
				CLANG_WARN_UNGUARDED_AVAILABILITY = YES_AGGRESSIVE;
				CLANG_WARN_UNREACHABLE_CODE = YES;
				CLANG_WARN__DUPLICATE_METHOD_MATCH = YES;
				COPY_PHASE_STRIP = NO;
				DEBUG_INFORMATION_FORMAT = dwarf;
				ENABLE_STRICT_OBJC_MSGSEND = YES;
				ENABLE_TESTABILITY = YES;
				ENABLE_USER_SCRIPT_SANDBOXING = YES;
				GCC_C_LANGUAGE_STANDARD = gnu17;
				GCC_DYNAMIC_NO_PIC = NO;
				GCC_NO_COMMON_BLOCKS = YES;
				GCC_OPTIMIZATION_LEVEL = 0;
				GCC_PREPROCESSOR_DEFINITIONS = (
					"DEBUG=1",
					"$(inherited)",
				);
				GCC_WARN_64_TO_32_BIT_CONVERSION = YES;
				GCC_WARN_ABOUT_RETURN_TYPE = YES_ERROR;
				GCC_WARN_UNDECLARED_SELECTOR = YES;
				GCC_WARN_UNINITIALIZED_AUTOS = YES_AGGRESSIVE;
				GCC_WARN_UNUSED_FUNCTION = YES;
				GCC_WARN_UNUSED_VARIABLE = YES;
				IPHONEOS_DEPLOYMENT_TARGET = 17.2;
				LOCALIZATION_PREFERS_STRING_CATALOGS = YES;
				MTL_ENABLE_DEBUG_INFO = INCLUDE_SOURCE;
				MTL_FAST_MATH = YES;
				ONLY_ACTIVE_ARCH = YES;
				SDKROOT = iphoneos;
				SWIFT_ACTIVE_COMPILATION_CONDITIONS = "DEBUG $(inherited)";
				SWIFT_OPTIMIZATION_LEVEL = "-Onone";
			};
			name = Debug;
		};
		028FDB3B2B78BE0B0026EB34 /* Release */ = {
			isa = XCBuildConfiguration;
			buildSettings = {
				ALWAYS_SEARCH_USER_PATHS = NO;
				ASSETCATALOG_COMPILER_GENERATE_SWIFT_ASSET_SYMBOL_EXTENSIONS = YES;
				CLANG_ANALYZER_NONNULL = YES;
				CLANG_ANALYZER_NUMBER_OBJECT_CONVERSION = YES_AGGRESSIVE;
				CLANG_CXX_LANGUAGE_STANDARD = "gnu++20";
				CLANG_ENABLE_MODULES = YES;
				CLANG_ENABLE_OBJC_ARC = YES;
				CLANG_ENABLE_OBJC_WEAK = YES;
				CLANG_WARN_BLOCK_CAPTURE_AUTORELEASING = YES;
				CLANG_WARN_BOOL_CONVERSION = YES;
				CLANG_WARN_COMMA = YES;
				CLANG_WARN_CONSTANT_CONVERSION = YES;
				CLANG_WARN_DEPRECATED_OBJC_IMPLEMENTATIONS = YES;
				CLANG_WARN_DIRECT_OBJC_ISA_USAGE = YES_ERROR;
				CLANG_WARN_DOCUMENTATION_COMMENTS = YES;
				CLANG_WARN_EMPTY_BODY = YES;
				CLANG_WARN_ENUM_CONVERSION = YES;
				CLANG_WARN_INFINITE_RECURSION = YES;
				CLANG_WARN_INT_CONVERSION = YES;
				CLANG_WARN_NON_LITERAL_NULL_CONVERSION = YES;
				CLANG_WARN_OBJC_IMPLICIT_RETAIN_SELF = YES;
				CLANG_WARN_OBJC_LITERAL_CONVERSION = YES;
				CLANG_WARN_OBJC_ROOT_CLASS = YES_ERROR;
				CLANG_WARN_QUOTED_INCLUDE_IN_FRAMEWORK_HEADER = YES;
				CLANG_WARN_RANGE_LOOP_ANALYSIS = YES;
				CLANG_WARN_STRICT_PROTOTYPES = YES;
				CLANG_WARN_SUSPICIOUS_MOVE = YES;
				CLANG_WARN_UNGUARDED_AVAILABILITY = YES_AGGRESSIVE;
				CLANG_WARN_UNREACHABLE_CODE = YES;
				CLANG_WARN__DUPLICATE_METHOD_MATCH = YES;
				COPY_PHASE_STRIP = NO;
				DEBUG_INFORMATION_FORMAT = "dwarf-with-dsym";
				ENABLE_NS_ASSERTIONS = NO;
				ENABLE_STRICT_OBJC_MSGSEND = YES;
				ENABLE_USER_SCRIPT_SANDBOXING = YES;
				GCC_C_LANGUAGE_STANDARD = gnu17;
				GCC_NO_COMMON_BLOCKS = YES;
				GCC_WARN_64_TO_32_BIT_CONVERSION = YES;
				GCC_WARN_ABOUT_RETURN_TYPE = YES_ERROR;
				GCC_WARN_UNDECLARED_SELECTOR = YES;
				GCC_WARN_UNINITIALIZED_AUTOS = YES_AGGRESSIVE;
				GCC_WARN_UNUSED_FUNCTION = YES;
				GCC_WARN_UNUSED_VARIABLE = YES;
				IPHONEOS_DEPLOYMENT_TARGET = 17.2;
				LOCALIZATION_PREFERS_STRING_CATALOGS = YES;
				MTL_ENABLE_DEBUG_INFO = NO;
				MTL_FAST_MATH = YES;
				SDKROOT = iphoneos;
				SWIFT_COMPILATION_MODE = wholemodule;
				VALIDATE_PRODUCT = YES;
			};
			name = Release;
		};
		028FDB3D2B78BE0B0026EB34 /* Debug */ = {
			isa = XCBuildConfiguration;
			buildSettings = {
				ASSETCATALOG_COMPILER_APPICON_NAME = AppIcon;
				ASSETCATALOG_COMPILER_GLOBAL_ACCENT_COLOR_NAME = AccentColor;
				CODE_SIGN_STYLE = Automatic;
				CURRENT_PROJECT_VERSION = 1;
				DEVELOPMENT_ASSET_PATHS = "\"learningiOS/Preview Content\"";
				DEVELOPMENT_TEAM = 2P5TPA6QV8;
				ENABLE_PREVIEWS = YES;
				GENERATE_INFOPLIST_FILE = YES;
				INFOPLIST_KEY_UIApplicationSceneManifest_Generation = YES;
				INFOPLIST_KEY_UIApplicationSupportsIndirectInputEvents = YES;
				INFOPLIST_KEY_UILaunchScreen_Generation = YES;
				INFOPLIST_KEY_UISupportedInterfaceOrientations_iPad = "UIInterfaceOrientationPortrait UIInterfaceOrientationPortraitUpsideDown UIInterfaceOrientationLandscapeLeft UIInterfaceOrientationLandscapeRight";
				INFOPLIST_KEY_UISupportedInterfaceOrientations_iPhone = "UIInterfaceOrientationPortrait UIInterfaceOrientationLandscapeLeft UIInterfaceOrientationLandscapeRight";
				LD_RUNPATH_SEARCH_PATHS = (
					"$(inherited)",
					"@executable_path/Frameworks",
				);
				MARKETING_VERSION = 1.0;
				PRODUCT_BUNDLE_IDENTIFIER = com.adarshshukla.learningiOS;
				PRODUCT_NAME = "$(TARGET_NAME)";
				SWIFT_EMIT_LOC_STRINGS = YES;
				SWIFT_VERSION = 5.0;
				TARGETED_DEVICE_FAMILY = "1,2";
			};
			name = Debug;
		};
		028FDB3E2B78BE0B0026EB34 /* Release */ = {
			isa = XCBuildConfiguration;
			buildSettings = {
				ASSETCATALOG_COMPILER_APPICON_NAME = AppIcon;
				ASSETCATALOG_COMPILER_GLOBAL_ACCENT_COLOR_NAME = AccentColor;
				CODE_SIGN_STYLE = Automatic;
				CURRENT_PROJECT_VERSION = 1;
				DEVELOPMENT_ASSET_PATHS = "\"learningiOS/Preview Content\"";
				DEVELOPMENT_TEAM = 2P5TPA6QV8;
				ENABLE_PREVIEWS = YES;
				GENERATE_INFOPLIST_FILE = YES;
				INFOPLIST_KEY_UIApplicationSceneManifest_Generation = YES;
				INFOPLIST_KEY_UIApplicationSupportsIndirectInputEvents = YES;
				INFOPLIST_KEY_UILaunchScreen_Generation = YES;
				INFOPLIST_KEY_UISupportedInterfaceOrientations_iPad = "UIInterfaceOrientationPortrait UIInterfaceOrientationPortraitUpsideDown UIInterfaceOrientationLandscapeLeft UIInterfaceOrientationLandscapeRight";
				INFOPLIST_KEY_UISupportedInterfaceOrientations_iPhone = "UIInterfaceOrientationPortrait UIInterfaceOrientationLandscapeLeft UIInterfaceOrientationLandscapeRight";
				LD_RUNPATH_SEARCH_PATHS = (
					"$(inherited)",
					"@executable_path/Frameworks",
				);
				MARKETING_VERSION = 1.0;
				PRODUCT_BUNDLE_IDENTIFIER = com.adarshshukla.learningiOS;
				PRODUCT_NAME = "$(TARGET_NAME)";
				SWIFT_EMIT_LOC_STRINGS = YES;
				SWIFT_VERSION = 5.0;
				TARGETED_DEVICE_FAMILY = "1,2";
			};
			name = Release;
		};
/* End XCBuildConfiguration section */

/* Begin XCConfigurationList section */
		028FDB292B78BE090026EB34 /* Build configuration list for PBXProject "learningiOS" */ = {
			isa = XCConfigurationList;
			buildConfigurations = (
				028FDB3A2B78BE0B0026EB34 /* Debug */,
				028FDB3B2B78BE0B0026EB34 /* Release */,
			);
			defaultConfigurationIsVisible = 0;
			defaultConfigurationName = Release;
		};
		028FDB3C2B78BE0B0026EB34 /* Build configuration list for PBXNativeTarget "learningiOS" */ = {
			isa = XCConfigurationList;
			buildConfigurations = (
				028FDB3D2B78BE0B0026EB34 /* Debug */,
				028FDB3E2B78BE0B0026EB34 /* Release */,
			);
			defaultConfigurationIsVisible = 0;
			defaultConfigurationName = Release;
		};
/* End XCConfigurationList section */
	};
	rootObject = 028FDB262B78BE090026EB34 /* Project object */;
}
